
Microsoft Visual Studio Solution File, Format Version 12.00
# Visual Studio Version 16
VisualStudioVersion = 16.0.29519.181
MinimumVisualStudioVersion = 10.0.40219.1
Project("{FAE04EC0-301F-11D3-BF4B-00C04F79EFBC}") = "Videly", "Videly.csproj", "{0BBDB119-2BC6-45DD-AD04-A37A6B9D5562}"
EndProject
Global
	GlobalSection(SolutionConfigurationPlatforms) = preSolution
		Debug|Any CPU = Debug|Any CPU
		Release|Any CPU = Release|Any CPU
	EndGlobalSection
	GlobalSection(ProjectConfigurationPlatforms) = postSolution
		{0BBDB119-2BC6-45DD-AD04-A37A6B9D5562}.Debug|Any CPU.ActiveCfg = Debug|Any CPU
		{0BBDB119-2BC6-45DD-AD04-A37A6B9D5562}.Debug|Any CPU.Build.0 = Debug|Any CPU
		{0BBDB119-2BC6-45DD-AD04-A37A6B9D5562}.Release|Any CPU.ActiveCfg = Release|Any CPU
		{0BBDB119-2BC6-45DD-AD04-A37A6B9D5562}.Release|Any CPU.Build.0 = Release|Any CPU
	EndGlobalSection
	GlobalSection(SolutionProperties) = preSolution
		HideSolutionNode = FALSE
	EndGlobalSection
	GlobalSection(ExtensibilityGlobals) = postSolution
		SolutionGuid = {2B09AB73-DB9F-4B9A-816F-6E9A4395EC5B}
	EndGlobalSection
EndGlobal
